
Microsoft Visual Studio Solution File, Format Version 12.00
# Visual Studio Version 17
VisualStudioVersion = 17.2.32516.85
MinimumVisualStudioVersion = 10.0.40219.1
Project("{9A19103F-16F7-4668-BE54-9A1E7A4F7556}") = "InstrumentControl", "InstrumentControl\InstrumentControl.csproj", "{BB0DD92A-18EA-4BF7-969B-B6276D7CEF2D}"
EndProject
Project("{9A19103F-16F7-4668-BE54-9A1E7A4F7556}") = "Tests", "Tests\Tests.csproj", "{2AA5EE2D-A29C-4004-A582-5928B5FE691F}"
EndProject
Project("{9A19103F-16F7-4668-BE54-9A1E7A4F7556}") = "IMSScanClassExtensions", "IMSScanClassExtensions\IMSScanClassExtensions.csproj", "{07B31947-11C8-4B9A-B8CC-813FA9C8AB76}"
EndProject
Project("{FAE04EC0-301F-11D3-BF4B-00C04F79EFBC}") = "SpectrumAveraging", "SpectrumAveraging\SpectrumAveraging.csproj", "{0F304F7B-50FF-4314-810A-BEB72140EE58}"
EndProject
Global
	GlobalSection(SolutionConfigurationPlatforms) = preSolution
		Debug|Any CPU = Debug|Any CPU
		Release|Any CPU = Release|Any CPU
	EndGlobalSection
	GlobalSection(ProjectConfigurationPlatforms) = postSolution
		{BB0DD92A-18EA-4BF7-969B-B6276D7CEF2D}.Debug|Any CPU.ActiveCfg = Debug|Any CPU
		{BB0DD92A-18EA-4BF7-969B-B6276D7CEF2D}.Debug|Any CPU.Build.0 = Debug|Any CPU
		{BB0DD92A-18EA-4BF7-969B-B6276D7CEF2D}.Release|Any CPU.ActiveCfg = Release|Any CPU
		{BB0DD92A-18EA-4BF7-969B-B6276D7CEF2D}.Release|Any CPU.Build.0 = Release|Any CPU
		{2AA5EE2D-A29C-4004-A582-5928B5FE691F}.Debug|Any CPU.ActiveCfg = Debug|Any CPU
		{2AA5EE2D-A29C-4004-A582-5928B5FE691F}.Debug|Any CPU.Build.0 = Debug|Any CPU
		{2AA5EE2D-A29C-4004-A582-5928B5FE691F}.Release|Any CPU.ActiveCfg = Release|Any CPU
		{2AA5EE2D-A29C-4004-A582-5928B5FE691F}.Release|Any CPU.Build.0 = Release|Any CPU
		{07B31947-11C8-4B9A-B8CC-813FA9C8AB76}.Debug|Any CPU.ActiveCfg = Debug|Any CPU
		{07B31947-11C8-4B9A-B8CC-813FA9C8AB76}.Debug|Any CPU.Build.0 = Debug|Any CPU
		{07B31947-11C8-4B9A-B8CC-813FA9C8AB76}.Release|Any CPU.ActiveCfg = Release|Any CPU
		{07B31947-11C8-4B9A-B8CC-813FA9C8AB76}.Release|Any CPU.Build.0 = Release|Any CPU
		{0F304F7B-50FF-4314-810A-BEB72140EE58}.Debug|Any CPU.ActiveCfg = Debug|Any CPU
		{0F304F7B-50FF-4314-810A-BEB72140EE58}.Debug|Any CPU.Build.0 = Debug|Any CPU
		{0F304F7B-50FF-4314-810A-BEB72140EE58}.Release|Any CPU.ActiveCfg = Release|Any CPU
		{0F304F7B-50FF-4314-810A-BEB72140EE58}.Release|Any CPU.Build.0 = Release|Any CPU
	EndGlobalSection
	GlobalSection(SolutionProperties) = preSolution
		HideSolutionNode = FALSE
	EndGlobalSection
	GlobalSection(ExtensibilityGlobals) = postSolution
		SolutionGuid = {EAE43141-596F-40BC-A8E9-DB22938D5668}
	EndGlobalSection
EndGlobal
